// !$*UTF8*$!
{
	archiveVersion = 1;
	classes = {
	};
	objectVersion = 46;
	objects = {

/* Begin PBXBuildFile section */
		1FA63EBE1B57915A00B3077D /* main.m in Sources */ = {isa = PBXBuildFile; fileRef = 1FA63EBD1B57915A00B3077D /* main.m */; };
		1FA63EC11B57915A00B3077D /* AppDelegate.m in Sources */ = {isa = PBXBuildFile; fileRef = 1FA63EC01B57915A00B3077D /* AppDelegate.m */; };
		1FA63EC41B57915A00B3077D /* ViewController.m in Sources */ = {isa = PBXBuildFile; fileRef = 1FA63EC31B57915A00B3077D /* ViewController.m */; };
		1FA63EC71B57915A00B3077D /* Main.storyboard in Resources */ = {isa = PBXBuildFile; fileRef = 1FA63EC51B57915A00B3077D /* Main.storyboard */; };
		1FA63EC91B57915A00B3077D /* Images.xcassets in Resources */ = {isa = PBXBuildFile; fileRef = 1FA63EC81B57915A00B3077D /* Images.xcassets */; };
		1FA63ECC1B57915A00B3077D /* LaunchScreen.xib in Resources */ = {isa = PBXBuildFile; fileRef = 1FA63ECA1B57915A00B3077D /* LaunchScreen.xib */; };
		1FA63ED81B57915A00B3077D /* Control_FormTests.m in Sources */ = {isa = PBXBuildFile; fileRef = 1FA63ED71B57915A00B3077D /* Control_FormTests.m */; };
/* End PBXBuildFile section */

/* Begin PBXContainerItemProxy section */
		1FA63ED21B57915A00B3077D /* PBXContainerItemProxy */ = {
			isa = PBXContainerItemProxy;
			containerPortal = 1FA63EB01B57915A00B3077D /* Project object */;
			proxyType = 1;
			remoteGlobalIDString = 1FA63EB71B57915A00B3077D;
			remoteInfo = "Control Form";
		};
/* End PBXContainerItemProxy section */

/* Begin PBXFileReference section */
		1FA63EB81B57915A00B3077D /* Control Form.app */ = {isa = PBXFileReference; explicitFileType = wrapper.application; includeInIndex = 0; path = "Control Form.app"; sourceTree = BUILT_PRODUCTS_DIR; };
		1FA63EBC1B57915A00B3077D /* Info.plist */ = {isa = PBXFileReference; lastKnownFileType = text.plist.xml; path = Info.plist; sourceTree = "<group>"; };
		1FA63EBD1B57915A00B3077D /* main.m */ = {isa = PBXFileReference; lastKnownFileType = sourcecode.c.objc; path = main.m; sourceTree = "<group>"; };
		1FA63EBF1B57915A00B3077D /* AppDelegate.h */ = {isa = PBXFileReference; lastKnownFileType = sourcecode.c.h; path = AppDelegate.h; sourceTree = "<group>"; };
		1FA63EC01B57915A00B3077D /* AppDelegate.m */ = {isa = PBXFileReference; lastKnownFileType = sourcecode.c.objc; path = AppDelegate.m; sourceTree = "<group>"; };
		1FA63EC21B57915A00B3077D /* ViewController.h */ = {isa = PBXFileReference; lastKnownFileType = sourcecode.c.h; path = ViewController.h; sourceTree = "<group>"; };
		1FA63EC31B57915A00B3077D /* ViewController.m */ = {isa = PBXFileReference; lastKnownFileType = sourcecode.c.objc; path = ViewController.m; sourceTree = "<group>"; };
		1FA63EC61B57915A00B3077D /* Base */ = {isa = PBXFileReference; lastKnownFileType = file.storyboard; name = Base; path = Base.lproj/Main.storyboard; sourceTree = "<group>"; };
		1FA63EC81B57915A00B3077D /* Images.xcassets */ = {isa = PBXFileReference; lastKnownFileType = folder.assetcatalog; path = Images.xcassets; sourceTree = "<group>"; };
		1FA63ECB1B57915A00B3077D /* Base */ = {isa = PBXFileReference; lastKnownFileType = file.xib; name = Base; path = Base.lproj/LaunchScreen.xib; sourceTree = "<group>"; };
		1FA63ED11B57915A00B3077D /* Control FormTests.xctest */ = {isa = PBXFileReference; explicitFileType = wrapper.cfbundle; includeInIndex = 0; path = "Control FormTests.xctest"; sourceTree = BUILT_PRODUCTS_DIR; };
		1FA63ED61B57915A00B3077D /* Info.plist */ = {isa = PBXFileReference; lastKnownFileType = text.plist.xml; path = Info.plist; sourceTree = "<group>"; };
		1FA63ED71B57915A00B3077D /* Control_FormTests.m */ = {isa = PBXFileReference; lastKnownFileType = sourcecode.c.objc; path = Control_FormTests.m; sourceTree = "<group>"; };
/* End PBXFileReference section */

/* Begin PBXFrameworksBuildPhase section */
		1FA63EB51B57915A00B3077D /* Frameworks */ = {
			isa = PBXFrameworksBuildPhase;
			buildActionMask = 2147483647;
			files = (
			);
			runOnlyForDeploymentPostprocessing = 0;
		};
		1FA63ECE1B57915A00B3077D /* Frameworks */ = {
			isa = PBXFrameworksBuildPhase;
			buildActionMask = 2147483647;
			files = (
			);
			runOnlyForDeploymentPostprocessing = 0;
		};
/* End PBXFrameworksBuildPhase section */

/* Begin PBXGroup section */
		1FA63EAF1B57915A00B3077D = {
			isa = PBXGroup;
			children = (
				1FA63EBA1B57915A00B3077D /* Control Form */,
				1FA63ED41B57915A00B3077D /* Control FormTests */,
				1FA63EB91B57915A00B3077D /* Products */,
			);
			sourceTree = "<group>";
		};
		1FA63EB91B57915A00B3077D /* Products */ = {
			isa = PBXGroup;
			children = (
				1FA63EB81B57915A00B3077D /* Control Form.app */,
				1FA63ED11B57915A00B3077D /* Control FormTests.xctest */,
			);
			name = Products;
			sourceTree = "<group>";
		};
		1FA63EBA1B57915A00B3077D /* Control Form */ = {
			isa = PBXGroup;
			children = (
				1FA63EBF1B57915A00B3077D /* AppDelegate.h */,
				1FA63EC01B57915A00B3077D /* AppDelegate.m */,
				1FA63EC21B57915A00B3077D /* ViewController.h */,
				1FA63EC31B57915A00B3077D /* ViewController.m */,
				1FA63EC51B57915A00B3077D /* Main.storyboard */,
				1FA63EC81B57915A00B3077D /* Images.xcassets */,
				1FA63ECA1B57915A00B3077D /* LaunchScreen.xib */,
				1FA63EBB1B57915A00B3077D /* Supporting Files */,
			);
			path = "Control Form";
			sourceTree = "<group>";
		};
		1FA63EBB1B57915A00B3077D /* Supporting Files */ = {
			isa = PBXGroup;
			children = (
				1FA63EBC1B57915A00B3077D /* Info.plist */,
				1FA63EBD1B57915A00B3077D /* main.m */,
			);
			name = "Supporting Files";
			sourceTree = "<group>";
		};
		1FA63ED41B57915A00B3077D /* Control FormTests */ = {
			isa = PBXGroup;
			children = (
				1FA63ED71B57915A00B3077D /* Control_FormTests.m */,
				1FA63ED51B57915A00B3077D /* Supporting Files */,
			);
			path = "Control FormTests";
			sourceTree = "<group>";
		};
		1FA63ED51B57915A00B3077D /* Supporting Files */ = {
			isa = PBXGroup;
			children = (
				1FA63ED61B57915A00B3077D /* Info.plist */,
			);
			name = "Supporting Files";
			sourceTree = "<group>";
		};
/* End PBXGroup section */

/* Begin PBXNativeTarget section */
		1FA63EB71B57915A00B3077D /* Control Form */ = {
			isa = PBXNativeTarget;
			buildConfigurationList = 1FA63EDB1B57915A00B3077D /* Build configuration list for PBXNativeTarget "Control Form" */;
			buildPhases = (
				1FA63EB41B57915A00B3077D /* Sources */,
				1FA63EB51B57915A00B3077D /* Frameworks */,
				1FA63EB61B57915A00B3077D /* Resources */,
			);
			buildRules = (
			);
			dependencies = (
			);
			name = "Control Form";
			productName = "Control Form";
			productReference = 1FA63EB81B57915A00B3077D /* Control Form.app */;
			productType = "com.apple.product-type.application";
		};
		1FA63ED01B57915A00B3077D /* Control FormTests */ = {
			isa = PBXNativeTarget;
			buildConfigurationList = 1FA63EDE1B57915A00B3077D /* Build configuration list for PBXNativeTarget "Control FormTests" */;
			buildPhases = (
				1FA63ECD1B57915A00B3077D /* Sources */,
				1FA63ECE1B57915A00B3077D /* Frameworks */,
				1FA63ECF1B57915A00B3077D /* Resources */,
			);
			buildRules = (
			);
			dependencies = (
				1FA63ED31B57915A00B3077D /* PBXTargetDependency */,
			);
			name = "Control FormTests";
			productName = "Control FormTests";
			productReference = 1FA63ED11B57915A00B3077D /* Control FormTests.xctest */;
			productType = "com.apple.product-type.bundle.unit-test";
		};
/* End PBXNativeTarget section */

/* Begin PBXProject section */
		1FA63EB01B57915A00B3077D /* Project object */ = {
			isa = PBXProject;
			attributes = {
				LastUpgradeCheck = 0640;
				ORGANIZATIONNAME = User3;
				TargetAttributes = {
					1FA63EB71B57915A00B3077D = {
						CreatedOnToolsVersion = 6.4;
					};
					1FA63ED01B57915A00B3077D = {
						CreatedOnToolsVersion = 6.4;
						TestTargetID = 1FA63EB71B57915A00B3077D;
					};
				};
			};
			buildConfigurationList = 1FA63EB31B57915A00B3077D /* Build configuration list for PBXProject "Control Form" */;
			compatibilityVersion = "Xcode 3.2";
			developmentRegion = English;
			hasScannedForEncodings = 0;
			knownRegions = (
				en,
				Base,
			);
			mainGroup = 1FA63EAF1B57915A00B3077D;
			productRefGroup = 1FA63EB91B57915A00B3077D /* Products */;
			projectDirPath = "";
			projectRoot = "";
			targets = (
				1FA63EB71B57915A00B3077D /* Control Form */,
				1FA63ED01B57915A00B3077D /* Control FormTests */,
			);
		};
/* End PBXProject section */

/* Begin PBXResourcesBuildPhase section */
		1FA63EB61B57915A00B3077D /* Resources */ = {
			isa = PBXResourcesBuildPhase;
			buildActionMask = 2147483647;
			files = (
				1FA63EC71B57915A00B3077D /* Main.storyboard in Resources */,
				1FA63ECC1B57915A00B3077D /* LaunchScreen.xib in Resources */,
				1FA63EC91B57915A00B3077D /* Images.xcassets in Resources */,
			);
			runOnlyForDeploymentPostprocessing = 0;
		};
		1FA63ECF1B57915A00B3077D /* Resources */ = {
			isa = PBXResourcesBuildPhase;
			buildActionMask = 2147483647;
			files = (
			);
			runOnlyForDeploymentPostprocessing = 0;
		};
/* End PBXResourcesBuildPhase section */

/* Begin PBXSourcesBuildPhase section */
		1FA63EB41B57915A00B3077D /* Sources */ = {
			isa = PBXSourcesBuildPhase;
			buildActionMask = 2147483647;
			files = (
				1FA63EC41B57915A00B3077D /* ViewController.m in Sources */,
				1FA63EC11B57915A00B3077D /* AppDelegate.m in Sources */,
				1FA63EBE1B57915A00B3077D /* main.m in Sources */,
			);
			runOnlyForDeploymentPostprocessing = 0;
		};
		1FA63ECD1B57915A00B3077D /* Sources */ = {
			isa = PBXSourcesBuildPhase;
			buildActionMask = 2147483647;
			files = (
				1FA63ED81B57915A00B3077D /* Control_FormTests.m in Sources */,
			);
			runOnlyForDeploymentPostprocessing = 0;
		};
/* End PBXSourcesBuildPhase section */

/* Begin PBXTargetDependency section */
		1FA63ED31B57915A00B3077D /* PBXTargetDependency */ = {
			isa = PBXTargetDependency;
			target = 1FA63EB71B57915A00B3077D /* Control Form */;
			targetProxy = 1FA63ED21B57915A00B3077D /* PBXContainerItemProxy */;
		};
/* End PBXTargetDependency section */

/* Begin PBXVariantGroup section */
		1FA63EC51B57915A00B3077D /* Main.storyboard */ = {
			isa = PBXVariantGroup;
			children = (
				1FA63EC61B57915A00B3077D /* Base */,
			);
			name = Main.storyboard;
			sourceTree = "<group>";
		};
		1FA63ECA1B57915A00B3077D /* LaunchScreen.xib */ = {
			isa = PBXVariantGroup;
			children = (
				1FA63ECB1B57915A00B3077D /* Base */,
			);
			name = LaunchScreen.xib;
			sourceTree = "<group>";
		};
/* End PBXVariantGroup section */

/* Begin XCBuildConfiguration section */
		1FA63ED91B57915A00B3077D /* Debug */ = {
			isa = XCBuildConfiguration;
			buildSettings = {
				ALWAYS_SEARCH_USER_PATHS = NO;
				CLANG_CXX_LANGUAGE_STANDARD = "gnu++0x";
				CLANG_CXX_LIBRARY = "libc++";
				CLANG_ENABLE_MODULES = YES;
				CLANG_ENABLE_OBJC_ARC = YES;
				CLANG_WARN_BOOL_CONVERSION = YES;
				CLANG_WARN_CONSTANT_CONVERSION = YES;
				CLANG_WARN_DIRECT_OBJC_ISA_USAGE = YES_ERROR;
				CLANG_WARN_EMPTY_BODY = YES;
				CLANG_WARN_ENUM_CONVERSION = YES;
				CLANG_WARN_INT_CONVERSION = YES;
				CLANG_WARN_OBJC_ROOT_CLASS = YES_ERROR;
				CLANG_WARN_UNREACHABLE_CODE = YES;
				CLANG_WARN__DUPLICATE_METHOD_MATCH = YES;
				"CODE_SIGN_IDENTITY[sdk=iphoneos*]" = "iPhone Developer";
				COPY_PHASE_STRIP = NO;
				DEBUG_INFORMATION_FORMAT = "dwarf-with-dsym";
				ENABLE_STRICT_OBJC_MSGSEND = YES;
				GCC_C_LANGUAGE_STANDARD = gnu99;
				GCC_DYNAMIC_NO_PIC = NO;
				GCC_NO_COMMON_BLOCKS = YES;
				GCC_OPTIMIZATION_LEVEL = 0;
				GCC_PREPROCESSOR_DEFINITIONS = (
					"DEBUG=1",
					"$(inherited)",
				);
				GCC_SYMBOLS_PRIVATE_EXTERN = NO;
				GCC_WARN_64_TO_32_BIT_CONVERSION = YES;
				GCC_WARN_ABOUT_RETURN_TYPE = YES_ERROR;
				GCC_WARN_UNDECLARED_SELECTOR = YES;
				GCC_WARN_UNINITIALIZED_AUTOS = YES_AGGRESSIVE;
				GCC_WARN_UNUSED_FUNCTION = YES;
				GCC_WARN_UNUSED_VARIABLE = YES;
				IPHONEOS_DEPLOYMENT_TARGET = 8.4;
				MTL_ENABLE_DEBUG_INFO = YES;
				ONLY_ACTIVE_ARCH = YES;
				SDKROOT = iphoneos;
			};
			name = Debug;
		};
		1FA63EDA1B57915A00B3077D /* Release */ = {
			isa = XCBuildConfiguration;
			buildSettings = {
				ALWAYS_SEARCH_USER_PATHS = NO;
				CLANG_CXX_LANGUAGE_STANDARD = "gnu++0x";
				CLANG_CXX_LIBRARY = "libc++";
				CLANG_ENABLE_MODULES = YES;
				CLANG_ENABLE_OBJC_ARC = YES;
				CLANG_WARN_BOOL_CONVERSION = YES;
				CLANG_WARN_CONSTANT_CONVERSION = YES;
				CLANG_WARN_DIRECT_OBJC_ISA_USAGE = YES_ERROR;
				CLANG_WARN_EMPTY_BODY = YES;
				CLANG_WARN_ENUM_CONVERSION = YES;
				CLANG_WARN_INT_CONVERSION = YES;
				CLANG_WARN_OBJC_ROOT_CLASS = YES_ERROR;
				CLANG_WARN_UNREACHABLE_CODE = YES;
				CLANG_WARN__DUPLICATE_METHOD_MATCH = YES;
				"CODE_SIGN_IDENTITY[sdk=iphoneos*]" = "iPhone Developer";
				COPY_PHASE_STRIP = NO;
				DEBUG_INFORMATION_FORMAT = "dwarf-with-dsym";
				ENABLE_NS_ASSERTIONS = NO;
				ENABLE_STRICT_OBJC_MSGSEND = YES;
				GCC_C_LANGUAGE_STANDARD = gnu99;
				GCC_NO_COMMON_BLOCKS = YES;
				GCC_WARN_64_TO_32_BIT_CONVERSION = YES;
				GCC_WARN_ABOUT_RETURN_TYPE = YES_ERROR;
				GCC_WARN_UNDECLARED_SELECTOR = YES;
				GCC_WARN_UNINITIALIZED_AUTOS = YES_AGGRESSIVE;
				GCC_WARN_UNUSED_FUNCTION = YES;
				GCC_WARN_UNUSED_VARIABLE = YES;
				IPHONEOS_DEPLOYMENT_TARGET = 8.4;
				MTL_ENABLE_DEBUG_INFO = NO;
				SDKROOT = iphoneos;
				VALIDATE_PRODUCT = YES;
			};
			name = Release;
		};
		1FA63EDC1B57915A00B3077D /* Debug */ = {
			isa = XCBuildConfiguration;
			buildSettings = {
				ASSETCATALOG_COMPILER_APPICON_NAME = AppIcon;
				INFOPLIST_FILE = "Control Form/Info.plist";
				LD_RUNPATH_SEARCH_PATHS = "$(inherited) @executable_path/Frameworks";
				PRODUCT_NAME = "$(TARGET_NAME)";
			};
			name = Debug;
		};
		1FA63EDD1B57915A00B3077D /* Release */ = {
			isa = XCBuildConfiguration;
			buildSettings = {
				ASSETCATALOG_COMPILER_APPICON_NAME = AppIcon;
				INFOPLIST_FILE = "Control Form/Info.plist";
				LD_RUNPATH_SEARCH_PATHS = "$(inherited) @executable_path/Frameworks";
				PRODUCT_NAME = "$(TARGET_NAME)";
			};
			name = Release;
		};
		1FA63EDF1B57915A00B3077D /* Debug */ = {
			isa = XCBuildConfiguration;
			buildSettings = {
				BUNDLE_LOADER = "$(TEST_HOST)";
				FRAMEWORK_SEARCH_PATHS = (
					"$(SDKROOT)/Developer/Library/Frameworks",
					"$(inherited)",
				);
				GCC_PREPROCESSOR_DEFINITIONS = (
					"DEBUG=1",
					"$(inherited)",
				);
				INFOPLIST_FILE = "Control FormTests/Info.plist";
				LD_RUNPATH_SEARCH_PATHS = "$(inherited) @executable_path/Frameworks @loader_path/Frameworks";
				PRODUCT_NAME = "$(TARGET_NAME)";
				TEST_HOST = "$(BUILT_PRODUCTS_DIR)/Control Form.app/Control Form";
			};
			name = Debug;
		};
		1FA63EE01B57915A00B3077D /* Release */ = {
			isa = XCBuildConfiguration;
			buildSettings = {
				BUNDLE_LOADER = "$(TEST_HOST)";
				FRAMEWORK_SEARCH_PATHS = (
					"$(SDKROOT)/Developer/Library/Frameworks",
					"$(inherited)",
				);
				INFOPLIST_FILE = "Control FormTests/Info.plist";
				LD_RUNPATH_SEARCH_PATHS = "$(inherited) @executable_path/Frameworks @loader_path/Frameworks";
				PRODUCT_NAME = "$(TARGET_NAME)";
				TEST_HOST = "$(BUILT_PRODUCTS_DIR)/Control Form.app/Control Form";
			};
			name = Release;
		};
/* End XCBuildConfiguration section */

/* Begin XCConfigurationList section */
		1FA63EB31B57915A00B3077D /* Build configuration list for PBXProject "Control Form" */ = {
			isa = XCConfigurationList;
			buildConfigurations = (
				1FA63ED91B57915A00B3077D /* Debug */,
				1FA63EDA1B57915A00B3077D /* Release */,
			);
			defaultConfigurationIsVisible = 0;
			defaultConfigurationName = Release;
		};
		1FA63EDB1B57915A00B3077D /* Build configuration list for PBXNativeTarget "Control Form" */ = {
			isa = XCConfigurationList;
			buildConfigurations = (
				1FA63EDC1B57915A00B3077D /* Debug */,
				1FA63EDD1B57915A00B3077D /* Release */,
			);
			defaultConfigurationIsVisible = 0;
		};
		1FA63EDE1B57915A00B3077D /* Build configuration list for PBXNativeTarget "Control FormTests" */ = {
			isa = XCConfigurationList;
			buildConfigurations = (
				1FA63EDF1B57915A00B3077D /* Debug */,
				1FA63EE01B57915A00B3077D /* Release */,
			);
			defaultConfigurationIsVisible = 0;
		};
/* End XCConfigurationList section */
	};
	rootObject = 1FA63EB01B57915A00B3077D /* Project object */;
}
